
Microsoft Visual Studio Solution File, Format Version 12.00
# Visual Studio Version 17
VisualStudioVersion = 17.0.31903.59
MinimumVisualStudioVersion = 10.0.40219.1
Project("{FAE04EC0-301F-11D3-BF4B-00C04F79EFBC}") = "RssReaderApi", "RssReaderApi\RssReaderApi.csproj", "{0F708D59-4279-4EEA-BCF9-CEEE26B4A718}"
EndProject
Project("{FAE04EC0-301F-11D3-BF4B-00C04F79EFBC}") = "RssReaderClient", "RssReaderClient\RssReaderClient.csproj", "{9F7FF1D6-171F-40BE-A175-E1E413962B13}"
EndProject
Global
	GlobalSection(SolutionConfigurationPlatforms) = preSolution
		Debug|Any CPU = Debug|Any CPU
		Release|Any CPU = Release|Any CPU
	EndGlobalSection
	GlobalSection(SolutionProperties) = preSolution
		HideSolutionNode = FALSE
	EndGlobalSection
	GlobalSection(ProjectConfigurationPlatforms) = postSolution
		{0F708D59-4279-4EEA-BCF9-CEEE26B4A718}.Debug|Any CPU.ActiveCfg = Debug|Any CPU
		{0F708D59-4279-4EEA-BCF9-CEEE26B4A718}.Debug|Any CPU.Build.0 = Debug|Any CPU
		{0F708D59-4279-4EEA-BCF9-CEEE26B4A718}.Release|Any CPU.ActiveCfg = Release|Any CPU
		{0F708D59-4279-4EEA-BCF9-CEEE26B4A718}.Release|Any CPU.Build.0 = Release|Any CPU
		{9F7FF1D6-171F-40BE-A175-E1E413962B13}.Debug|Any CPU.ActiveCfg = Debug|Any CPU
		{9F7FF1D6-171F-40BE-A175-E1E413962B13}.Debug|Any CPU.Build.0 = Debug|Any CPU
		{9F7FF1D6-171F-40BE-A175-E1E413962B13}.Release|Any CPU.ActiveCfg = Release|Any CPU
		{9F7FF1D6-171F-40BE-A175-E1E413962B13}.Release|Any CPU.Build.0 = Release|Any CPU
	EndGlobalSection
EndGlobal
